schema: '2.0'
stages:
  feature_engineering:
    cmd: python -m src.features.pipeline
    deps:
    - path: configs/base.yaml
      hash: md5
      md5: 054e9c9a2b047faec3519960ea83b8e3
      size: 380
    - path: configs/features.yaml
      hash: md5
      md5: e108130486310878898d5dd1b86f60a8
      size: 739
    - path: data/raw/Test.csv
      hash: md5
      md5: acc9eb8198f07a01e3737a81d6667f6b
      size: 34365988
    - path: data/raw/Train.csv
      hash: md5
      md5: 0289cf45af0ceeb0f5a2dc32fda09785
      size: 289126551
    - path: src/features
      hash: md5
      md5: ff2cc8c580258f6bebd97af62ef9b79b.dir
      size: 57429
      nfiles: 22
    outs:
    - path: configs/feature_columns.yaml
      hash: md5
      md5: fae3faf3ff0880e0f0bbd8b84e683404
      size: 1078
    - path: data/processed/test_features.parquet
      hash: md5
      md5: a8e0ad686ddceb622a8a136c56208b35
      size: 65820278
    - path: data/processed/train_features.parquet
      hash: md5
      md5: 5be3589a57383c67089d5ba41eee259e
      size: 625601360
  generate_submission:
    cmd: python -m src.generate_submission
    deps:
    - path: configs/base.yaml
      hash: md5
      md5: 054e9c9a2b047faec3519960ea83b8e3
      size: 380
    - path: configs/feature_columns.yaml
      hash: md5
      md5: fae3faf3ff0880e0f0bbd8b84e683404
      size: 1078
    - path: configs/features.yaml
      hash: md5
      md5: e108130486310878898d5dd1b86f60a8
      size: 739
    - path: data/raw/Test.csv
      hash: md5
      md5: acc9eb8198f07a01e3737a81d6667f6b
      size: 34365988
    - path: data/raw/Train.csv
      hash: md5
      md5: 0289cf45af0ceeb0f5a2dc32fda09785
      size: 289126551
    - path: src/features
      hash: md5
      md5: ff2cc8c580258f6bebd97af62ef9b79b.dir
      size: 57429
      nfiles: 22
    - path: src/generate_submission.py
      hash: md5
      md5: 383f75ce5a94b1c8c5f9253c48060901
      size: 11262
    - path: src/validation/baselines.py
      hash: md5
      md5: a30c94438bb740982a173f5faffcaf92
      size: 6746
    - path: src/validation/splits.py
      hash: md5
      md5: eff8a28c4f07aead8c8b4635758b19a2
      size: 4054
    outs:
    - path: submissions/submission.csv
      hash: md5
      md5: c9202d339827d24ac589c0aecf989e4b
      size: 7114869
